Microsoft Visual Studio Solution File, Format Version 12.00
# Visual Studio 15
VisualStudioVersion = 15.0.26124.0
MinimumVisualStudioVersion = 15.0.26124.0
Project("{2150E333-8FDC-42A3-9474-1A3956D46DE8}") = "src", "src", "{E2F44B8B-0FE4-4A68-8155-C344C5A0AA27}"
EndProject
Project("{2150E333-8FDC-42A3-9474-1A3956D46DE8}") = "Apps", "Apps", "{DF828347-305B-4349-ACD4-76F260D10995}"
EndProject
Project("{FAE04EC0-301F-11D3-BF4B-00C04F79EFBC}") = "FurnitureShop.Api", "src\Apps\FurnitureShop.Api\FurnitureShop.Api.csproj", "{755D7529-8184-40C3-8E42-E846E9303580}"
EndProject
Project("{FAE04EC0-301F-11D3-BF4B-00C04F79EFBC}") = "FurnitureShop.Migrations", "src\Apps\FurnitureShop.Migrations\FurnitureShop.Migrations.csproj", "{490950CC-54E1-47E9-8172-81A7237A10DA}"
EndProject
Project("{2150E333-8FDC-42A3-9474-1A3956D46DE8}") = "Core", "Core", "{ABC257C5-3159-4664-A8B4-C5B449ED3A06}"
EndProject
Project("{FAE04EC0-301F-11D3-BF4B-00C04F79EFBC}") = "FurnitureShop.Core.Contracts", "src\Core\FurnitureShop.Core.Contracts\FurnitureShop.Core.Contracts.csproj", "{B5AD762B-38BA-4D56-9CA6-895951C8527F}"
EndProject
Project("{FAE04EC0-301F-11D3-BF4B-00C04F79EFBC}") = "FurnitureShop.Core.Domain", "src\Core\FurnitureShop.Core.Domain\FurnitureShop.Core.Domain.csproj", "{8BD3C50C-6345-4529-9F6C-714956F13A76}"
EndProject
Project("{FAE04EC0-301F-11D3-BF4B-00C04F79EFBC}") = "FurnitureShop.Core.Services", "src\Core\FurnitureShop.Core.Services\FurnitureShop.Core.Services.csproj", "{D05AD25B-FAE1-4C4D-9985-52F9A9E09CFC}"
EndProject
Project("{2150E333-8FDC-42A3-9474-1A3956D46DE8}") = "tests", "tests", "{D012EA92-7329-493C-806A-6FD88798235C}"
EndProject
Project("{2150E333-8FDC-42A3-9474-1A3956D46DE8}") = "Core", "Core", "{AFA04E57-1DC9-4C36-8BC1-B33698547AF9}"
EndProject
Project("{FAE04EC0-301F-11D3-BF4B-00C04F79EFBC}") = "FurnitureShop.Core.Domain.Tests", "tests\Core\FurnitureShop.Core.Domain.Tests\FurnitureShop.Core.Domain.Tests.csproj", "{FDAE93E9-C80A-4F04-8D77-F215C49EB9ED}"
EndProject
Project("{FAE04EC0-301F-11D3-BF4B-00C04F79EFBC}") = "FurnitureShop.Core.Services.Tests", "tests\Core\FurnitureShop.Core.Services.Tests\FurnitureShop.Core.Services.Tests.csproj", "{76C4D07A-18F4-4A88-98A9-49F1EF7C4BB3}"
EndProject
Project("{FAE04EC0-301F-11D3-BF4B-00C04F79EFBC}") = "FurnitureShop.IntegrationTests", "tests\FurnitureShop.IntegrationTests\FurnitureShop.IntegrationTests.csproj", "{740DEFE1-CF35-4C8F-B6B0-B03F1B0430C3}"
EndProject
Project("{FAE04EC0-301F-11D3-BF4B-00C04F79EFBC}") = "FurnitureShop.Tests", "tests\FurnitureShop.Tests.csproj", "{F5FBA0DC-B532-47BB-AE7E-B4C3F9BE2A01}"
EndProject
Global
	GlobalSection(SolutionConfigurationPlatforms) = preSolution
		Debug|Any CPU = Debug|Any CPU
		Debug|x64 = Debug|x64
		Debug|x86 = Debug|x86
		Release|Any CPU = Release|Any CPU
		Release|x64 = Release|x64
		Release|x86 = Release|x86
	EndGlobalSection
	GlobalSection(SolutionProperties) = preSolution
		HideSolutionNode = FALSE
	EndGlobalSection
	GlobalSection(ProjectConfigurationPlatforms) = postSolution
		{755D7529-8184-40C3-8E42-E846E9303580}.Debug|Any CPU.ActiveCfg = Debug|Any CPU
		{755D7529-8184-40C3-8E42-E846E9303580}.Debug|Any CPU.Build.0 = Debug|Any CPU
		{755D7529-8184-40C3-8E42-E846E9303580}.Debug|x64.ActiveCfg = Debug|Any CPU
		{755D7529-8184-40C3-8E42-E846E9303580}.Debug|x64.Build.0 = Debug|Any CPU
		{755D7529-8184-40C3-8E42-E846E9303580}.Debug|x86.ActiveCfg = Debug|Any CPU
		{755D7529-8184-40C3-8E42-E846E9303580}.Debug|x86.Build.0 = Debug|Any CPU
		{755D7529-8184-40C3-8E42-E846E9303580}.Release|Any CPU.ActiveCfg = Release|Any CPU
		{755D7529-8184-40C3-8E42-E846E9303580}.Release|Any CPU.Build.0 = Release|Any CPU
		{755D7529-8184-40C3-8E42-E846E9303580}.Release|x64.ActiveCfg = Release|Any CPU
		{755D7529-8184-40C3-8E42-E846E9303580}.Release|x64.Build.0 = Release|Any CPU
		{755D7529-8184-40C3-8E42-E846E9303580}.Release|x86.ActiveCfg = Release|Any CPU
		{755D7529-8184-40C3-8E42-E846E9303580}.Release|x86.Build.0 = Release|Any CPU
		{490950CC-54E1-47E9-8172-81A7237A10DA}.Debug|Any CPU.ActiveCfg = Debug|Any CPU
		{490950CC-54E1-47E9-8172-81A7237A10DA}.Debug|Any CPU.Build.0 = Debug|Any CPU
		{490950CC-54E1-47E9-8172-81A7237A10DA}.Debug|x64.ActiveCfg = Debug|Any CPU
		{490950CC-54E1-47E9-8172-81A7237A10DA}.Debug|x64.Build.0 = Debug|Any CPU
		{490950CC-54E1-47E9-8172-81A7237A10DA}.Debug|x86.ActiveCfg = Debug|Any CPU
		{490950CC-54E1-47E9-8172-81A7237A10DA}.Debug|x86.Build.0 = Debug|Any CPU
		{490950CC-54E1-47E9-8172-81A7237A10DA}.Release|Any CPU.ActiveCfg = Release|Any CPU
		{490950CC-54E1-47E9-8172-81A7237A10DA}.Release|Any CPU.Build.0 = Release|Any CPU
		{490950CC-54E1-47E9-8172-81A7237A10DA}.Release|x64.ActiveCfg = Release|Any CPU
		{490950CC-54E1-47E9-8172-81A7237A10DA}.Release|x64.Build.0 = Release|Any CPU
		{490950CC-54E1-47E9-8172-81A7237A10DA}.Release|x86.ActiveCfg = Release|Any CPU
		{490950CC-54E1-47E9-8172-81A7237A10DA}.Release|x86.Build.0 = Release|Any CPU
		{B5AD762B-38BA-4D56-9CA6-895951C8527F}.Debug|Any CPU.ActiveCfg = Debug|Any CPU
		{B5AD762B-38BA-4D56-9CA6-895951C8527F}.Debug|Any CPU.Build.0 = Debug|Any CPU
		{B5AD762B-38BA-4D56-9CA6-895951C8527F}.Debug|x64.ActiveCfg = Debug|Any CPU
		{B5AD762B-38BA-4D56-9CA6-895951C8527F}.Debug|x64.Build.0 = Debug|Any CPU
		{B5AD762B-38BA-4D56-9CA6-895951C8527F}.Debug|x86.ActiveCfg = Debug|Any CPU
		{B5AD762B-38BA-4D56-9CA6-895951C8527F}.Debug|x86.Build.0 = Debug|Any CPU
		{B5AD762B-38BA-4D56-9CA6-895951C8527F}.Release|Any CPU.ActiveCfg = Release|Any CPU
		{B5AD762B-38BA-4D56-9CA6-895951C8527F}.Release|Any CPU.Build.0 = Release|Any CPU
		{B5AD762B-38BA-4D56-9CA6-895951C8527F}.Release|x64.ActiveCfg = Release|Any CPU
		{B5AD762B-38BA-4D56-9CA6-895951C8527F}.Release|x64.Build.0 = Release|Any CPU
		{B5AD762B-38BA-4D56-9CA6-895951C8527F}.Release|x86.ActiveCfg = Release|Any CPU
		{B5AD762B-38BA-4D56-9CA6-895951C8527F}.Release|x86.Build.0 = Release|Any CPU
		{8BD3C50C-6345-4529-9F6C-714956F13A76}.Debug|Any CPU.ActiveCfg = Debug|Any CPU
		{8BD3C50C-6345-4529-9F6C-714956F13A76}.Debug|Any CPU.Build.0 = Debug|Any CPU
		{8BD3C50C-6345-4529-9F6C-714956F13A76}.Debug|x64.ActiveCfg = Debug|Any CPU
		{8BD3C50C-6345-4529-9F6C-714956F13A76}.Debug|x64.Build.0 = Debug|Any CPU
		{8BD3C50C-6345-4529-9F6C-714956F13A76}.Debug|x86.ActiveCfg = Debug|Any CPU
		{8BD3C50C-6345-4529-9F6C-714956F13A76}.Debug|x86.Build.0 = Debug|Any CPU
		{8BD3C50C-6345-4529-9F6C-714956F13A76}.Release|Any CPU.ActiveCfg = Release|Any CPU
		{8BD3C50C-6345-4529-9F6C-714956F13A76}.Release|Any CPU.Build.0 = Release|Any CPU
		{8BD3C50C-6345-4529-9F6C-714956F13A76}.Release|x64.ActiveCfg = Release|Any CPU
		{8BD3C50C-6345-4529-9F6C-714956F13A76}.Release|x64.Build.0 = Release|Any CPU
		{8BD3C50C-6345-4529-9F6C-714956F13A76}.Release|x86.ActiveCfg = Release|Any CPU
		{8BD3C50C-6345-4529-9F6C-714956F13A76}.Release|x86.Build.0 = Release|Any CPU
		{D05AD25B-FAE1-4C4D-9985-52F9A9E09CFC}.Debug|Any CPU.ActiveCfg = Debug|Any CPU
		{D05AD25B-FAE1-4C4D-9985-52F9A9E09CFC}.Debug|Any CPU.Build.0 = Debug|Any CPU
		{D05AD25B-FAE1-4C4D-9985-52F9A9E09CFC}.Debug|x64.ActiveCfg = Debug|Any CPU
		{D05AD25B-FAE1-4C4D-9985-52F9A9E09CFC}.Debug|x64.Build.0 = Debug|Any CPU
		{D05AD25B-FAE1-4C4D-9985-52F9A9E09CFC}.Debug|x86.ActiveCfg = Debug|Any CPU
		{D05AD25B-FAE1-4C4D-9985-52F9A9E09CFC}.Debug|x86.Build.0 = Debug|Any CPU
		{D05AD25B-FAE1-4C4D-9985-52F9A9E09CFC}.Release|Any CPU.ActiveCfg = Release|Any CPU
		{D05AD25B-FAE1-4C4D-9985-52F9A9E09CFC}.Release|Any CPU.Build.0 = Release|Any CPU
		{D05AD25B-FAE1-4C4D-9985-52F9A9E09CFC}.Release|x64.ActiveCfg = Release|Any CPU
		{D05AD25B-FAE1-4C4D-9985-52F9A9E09CFC}.Release|x64.Build.0 = Release|Any CPU
		{D05AD25B-FAE1-4C4D-9985-52F9A9E09CFC}.Release|x86.ActiveCfg = Release|Any CPU
		{D05AD25B-FAE1-4C4D-9985-52F9A9E09CFC}.Release|x86.Build.0 = Release|Any CPU
		{FDAE93E9-C80A-4F04-8D77-F215C49EB9ED}.Debug|Any CPU.ActiveCfg = Debug|Any CPU
		{FDAE93E9-C80A-4F04-8D77-F215C49EB9ED}.Debug|Any CPU.Build.0 = Debug|Any CPU
		{FDAE93E9-C80A-4F04-8D77-F215C49EB9ED}.Debug|x64.ActiveCfg = Debug|Any CPU
		{FDAE93E9-C80A-4F04-8D77-F215C49EB9ED}.Debug|x64.Build.0 = Debug|Any CPU
		{FDAE93E9-C80A-4F04-8D77-F215C49EB9ED}.Debug|x86.ActiveCfg = Debug|Any CPU
		{FDAE93E9-C80A-4F04-8D77-F215C49EB9ED}.Debug|x86.Build.0 = Debug|Any CPU
		{FDAE93E9-C80A-4F04-8D77-F215C49EB9ED}.Release|Any CPU.ActiveCfg = Release|Any CPU
		{FDAE93E9-C80A-4F04-8D77-F215C49EB9ED}.Release|Any CPU.Build.0 = Release|Any CPU
		{FDAE93E9-C80A-4F04-8D77-F215C49EB9ED}.Release|x64.ActiveCfg = Release|Any CPU
		{FDAE93E9-C80A-4F04-8D77-F215C49EB9ED}.Release|x64.Build.0 = Release|Any CPU
		{FDAE93E9-C80A-4F04-8D77-F215C49EB9ED}.Release|x86.ActiveCfg = Release|Any CPU
		{FDAE93E9-C80A-4F04-8D77-F215C49EB9ED}.Release|x86.Build.0 = Release|Any CPU
		{76C4D07A-18F4-4A88-98A9-49F1EF7C4BB3}.Debug|Any CPU.ActiveCfg = Debug|Any CPU
		{76C4D07A-18F4-4A88-98A9-49F1EF7C4BB3}.Debug|Any CPU.Build.0 = Debug|Any CPU
		{76C4D07A-18F4-4A88-98A9-49F1EF7C4BB3}.Debug|x64.ActiveCfg = Debug|Any CPU
		{76C4D07A-18F4-4A88-98A9-49F1EF7C4BB3}.Debug|x64.Build.0 = Debug|Any CPU
		{76C4D07A-18F4-4A88-98A9-49F1EF7C4BB3}.Debug|x86.ActiveCfg = Debug|Any CPU
		{76C4D07A-18F4-4A88-98A9-49F1EF7C4BB3}.Debug|x86.Build.0 = Debug|Any CPU
		{76C4D07A-18F4-4A88-98A9-49F1EF7C4BB3}.Release|Any CPU.ActiveCfg = Release|Any CPU
		{76C4D07A-18F4-4A88-98A9-49F1EF7C4BB3}.Release|Any CPU.Build.0 = Release|Any CPU
		{76C4D07A-18F4-4A88-98A9-49F1EF7C4BB3}.Release|x64.ActiveCfg = Release|Any CPU
		{76C4D07A-18F4-4A88-98A9-49F1EF7C4BB3}.Release|x64.Build.0 = Release|Any CPU
		{76C4D07A-18F4-4A88-98A9-49F1EF7C4BB3}.Release|x86.ActiveCfg = Release|Any CPU
		{76C4D07A-18F4-4A88-98A9-49F1EF7C4BB3}.Release|x86.Build.0 = Release|Any CPU
		{740DEFE1-CF35-4C8F-B6B0-B03F1B0430C3}.Debug|Any CPU.ActiveCfg = Debug|Any CPU
		{740DEFE1-CF35-4C8F-B6B0-B03F1B0430C3}.Debug|Any CPU.Build.0 = Debug|Any CPU
		{740DEFE1-CF35-4C8F-B6B0-B03F1B0430C3}.Debug|x64.ActiveCfg = Debug|Any CPU
		{740DEFE1-CF35-4C8F-B6B0-B03F1B0430C3}.Debug|x64.Build.0 = Debug|Any CPU
		{740DEFE1-CF35-4C8F-B6B0-B03F1B0430C3}.Debug|x86.ActiveCfg = Debug|Any CPU
		{740DEFE1-CF35-4C8F-B6B0-B03F1B0430C3}.Debug|x86.Build.0 = Debug|Any CPU
		{740DEFE1-CF35-4C8F-B6B0-B03F1B0430C3}.Release|Any CPU.ActiveCfg = Release|Any CPU
		{740DEFE1-CF35-4C8F-B6B0-B03F1B0430C3}.Release|Any CPU.Build.0 = Release|Any CPU
		{740DEFE1-CF35-4C8F-B6B0-B03F1B0430C3}.Release|x64.ActiveCfg = Release|Any CPU
		{740DEFE1-CF35-4C8F-B6B0-B03F1B0430C3}.Release|x64.Build.0 = Release|Any CPU
		{740DEFE1-CF35-4C8F-B6B0-B03F1B0430C3}.Release|x86.ActiveCfg = Release|Any CPU
		{740DEFE1-CF35-4C8F-B6B0-B03F1B0430C3}.Release|x86.Build.0 = Release|Any CPU
		{F5FBA0DC-B532-47BB-AE7E-B4C3F9BE2A01}.Debug|Any CPU.ActiveCfg = Debug|Any CPU
		{F5FBA0DC-B532-47BB-AE7E-B4C3F9BE2A01}.Debug|Any CPU.Build.0 = Debug|Any CPU
		{F5FBA0DC-B532-47BB-AE7E-B4C3F9BE2A01}.Debug|x64.ActiveCfg = Debug|Any CPU
		{F5FBA0DC-B532-47BB-AE7E-B4C3F9BE2A01}.Debug|x64.Build.0 = Debug|Any CPU
		{F5FBA0DC-B532-47BB-AE7E-B4C3F9BE2A01}.Debug|x86.ActiveCfg = Debug|Any CPU
		{F5FBA0DC-B532-47BB-AE7E-B4C3F9BE2A01}.Debug|x86.Build.0 = Debug|Any CPU
		{F5FBA0DC-B532-47BB-AE7E-B4C3F9BE2A01}.Release|Any CPU.ActiveCfg = Release|Any CPU
		{F5FBA0DC-B532-47BB-AE7E-B4C3F9BE2A01}.Release|Any CPU.Build.0 = Release|Any CPU
		{F5FBA0DC-B532-47BB-AE7E-B4C3F9BE2A01}.Release|x64.ActiveCfg = Release|Any CPU
		{F5FBA0DC-B532-47BB-AE7E-B4C3F9BE2A01}.Release|x64.Build.0 = Release|Any CPU
		{F5FBA0DC-B532-47BB-AE7E-B4C3F9BE2A01}.Release|x86.ActiveCfg = Release|Any CPU
		{F5FBA0DC-B532-47BB-AE7E-B4C3F9BE2A01}.Release|x86.Build.0 = Release|Any CPU
	EndGlobalSection
	GlobalSection(NestedProjects) = preSolution
		{DF828347-305B-4349-ACD4-76F260D10995} = {E2F44B8B-0FE4-4A68-8155-C344C5A0AA27}
		{755D7529-8184-40C3-8E42-E846E9303580} = {DF828347-305B-4349-ACD4-76F260D10995}
		{490950CC-54E1-47E9-8172-81A7237A10DA} = {DF828347-305B-4349-ACD4-76F260D10995}
		{ABC257C5-3159-4664-A8B4-C5B449ED3A06} = {E2F44B8B-0FE4-4A68-8155-C344C5A0AA27}
		{B5AD762B-38BA-4D56-9CA6-895951C8527F} = {ABC257C5-3159-4664-A8B4-C5B449ED3A06}
		{8BD3C50C-6345-4529-9F6C-714956F13A76} = {ABC257C5-3159-4664-A8B4-C5B449ED3A06}
		{D05AD25B-FAE1-4C4D-9985-52F9A9E09CFC} = {ABC257C5-3159-4664-A8B4-C5B449ED3A06}
		{AFA04E57-1DC9-4C36-8BC1-B33698547AF9} = {D012EA92-7329-493C-806A-6FD88798235C}
		{FDAE93E9-C80A-4F04-8D77-F215C49EB9ED} = {AFA04E57-1DC9-4C36-8BC1-B33698547AF9}
		{76C4D07A-18F4-4A88-98A9-49F1EF7C4BB3} = {AFA04E57-1DC9-4C36-8BC1-B33698547AF9}
		{740DEFE1-CF35-4C8F-B6B0-B03F1B0430C3} = {D012EA92-7329-493C-806A-6FD88798235C}
	EndGlobalSection
EndGlobal
